github.com/solsw/errorhelper v0.7.0 h1:rUscI7tcDfG+iZHIVyNYN8XrIET9PdQiKEFvKKjTP2g=
github.com/solsw/errorhelper v0.7.0/go.mod h1:Brc0aExJO9MBI7UEHpo7VDEOdPj1eU6GO6qR1CnJV84=
github.com/solsw/generichelper v0.18.0 h1:RUSpQD95rtFDnSY/2m0VUv7UnOuoY+qNy+Pia8a0sHM=
github.com/solsw/generichelper v0.18.0/go.mod h1:8l4YjYBOZakA0G+wWJMK1dnbq87xp34EbP7UR9rfIBw=
github.com/solsw/httphelper v0.13.0 h1:hUNd+uz07sBrWPLQk+R1SV5dokdxB2ZS6YX0c54Zqq4=
github.com/solsw/httphelper v0.13.0/go.mod h1:WwHccjjBYsXcTOrBIli8rLg1ENObkARtrWDKmpYrZeA=
github.com/solsw/jsonhelper v0.1.0 h1:O4JxNFZzzDp/OTV1xDW0ZLAqxLiRTT0h8gTgpNgArRs=
github.com/solsw/jsonhelper v0.1.0/go.mod h1:yVZxnvlaz99GI0/4saUJcESbQJUtP1CfKkjCMaAsXSE=
github.com/solsw/oshelper v0.4.1 h1:qUYxeDU1wAoZOwMXTceTtpFt8hn+0FQswi5utd7lIjQ=
github.com/solsw/oshelper v0.4.1/go.mod h1:ugrYngJMVYUv6YB8RfaemU0S7TvURhnO/xgs2Qouxi8=
github.com/solsw/runtimehelper v0.2.0 h1:lxkQiD6lKWZti1S830Ee6qSUavaCb81SWJI+0hrXios=
github.com/solsw/runtimehelper v0.2.0/go.mod h1:86mFcvL3sela4Eiiq4/WezGLE2IoMMVlfZT52cUImjQ=
